
Microsoft Visual Studio Solution File, Format Version 12.00
# Visual Studio 15
VisualStudioVersion = 15.0.26124.0
MinimumVisualStudioVersion = 15.0.26124.0
Project("{FAE04EC0-301F-11D3-BF4B-00C04F79EFBC}") = "flexoffice.data", "flexoffice.data\flexoffice.data.csproj", "{EEEF7909-14D9-49B8-9440-1BE7A31B46D6}"
EndProject
Project("{FAE04EC0-301F-11D3-BF4B-00C04F79EFBC}") = "flexoffice.services", "flexoffice.services\flexoffice.services.csproj", "{C2592D6A-35E3-44D4-BE4D-CE61540D0F57}"
EndProject
Project("{FAE04EC0-301F-11D3-BF4B-00C04F79EFBC}") = "flexoffice.api", "flexoffice.api\flexoffice.api.csproj", "{3AD44764-3EBA-42C9-A6D1-9EA036949F93}"
EndProject
Global
	GlobalSection(SolutionConfigurationPlatforms) = preSolution
		Debug|Any CPU = Debug|Any CPU
		Debug|x64 = Debug|x64
		Debug|x86 = Debug|x86
		Release|Any CPU = Release|Any CPU
		Release|x64 = Release|x64
		Release|x86 = Release|x86
	EndGlobalSection
	GlobalSection(SolutionProperties) = preSolution
		HideSolutionNode = FALSE
	EndGlobalSection
	GlobalSection(ProjectConfigurationPlatforms) = postSolution
		{EEEF7909-14D9-49B8-9440-1BE7A31B46D6}.Debug|Any CPU.ActiveCfg = Debug|Any CPU
		{EEEF7909-14D9-49B8-9440-1BE7A31B46D6}.Debug|Any CPU.Build.0 = Debug|Any CPU
		{EEEF7909-14D9-49B8-9440-1BE7A31B46D6}.Debug|x64.ActiveCfg = Debug|Any CPU
		{EEEF7909-14D9-49B8-9440-1BE7A31B46D6}.Debug|x64.Build.0 = Debug|Any CPU
		{EEEF7909-14D9-49B8-9440-1BE7A31B46D6}.Debug|x86.ActiveCfg = Debug|Any CPU
		{EEEF7909-14D9-49B8-9440-1BE7A31B46D6}.Debug|x86.Build.0 = Debug|Any CPU
		{EEEF7909-14D9-49B8-9440-1BE7A31B46D6}.Release|Any CPU.ActiveCfg = Release|Any CPU
		{EEEF7909-14D9-49B8-9440-1BE7A31B46D6}.Release|Any CPU.Build.0 = Release|Any CPU
		{EEEF7909-14D9-49B8-9440-1BE7A31B46D6}.Release|x64.ActiveCfg = Release|Any CPU
		{EEEF7909-14D9-49B8-9440-1BE7A31B46D6}.Release|x64.Build.0 = Release|Any CPU
		{EEEF7909-14D9-49B8-9440-1BE7A31B46D6}.Release|x86.ActiveCfg = Release|Any CPU
		{EEEF7909-14D9-49B8-9440-1BE7A31B46D6}.Release|x86.Build.0 = Release|Any CPU
		{C2592D6A-35E3-44D4-BE4D-CE61540D0F57}.Debug|Any CPU.ActiveCfg = Debug|Any CPU
		{C2592D6A-35E3-44D4-BE4D-CE61540D0F57}.Debug|Any CPU.Build.0 = Debug|Any CPU
		{C2592D6A-35E3-44D4-BE4D-CE61540D0F57}.Debug|x64.ActiveCfg = Debug|Any CPU
		{C2592D6A-35E3-44D4-BE4D-CE61540D0F57}.Debug|x64.Build.0 = Debug|Any CPU
		{C2592D6A-35E3-44D4-BE4D-CE61540D0F57}.Debug|x86.ActiveCfg = Debug|Any CPU
		{C2592D6A-35E3-44D4-BE4D-CE61540D0F57}.Debug|x86.Build.0 = Debug|Any CPU
		{C2592D6A-35E3-44D4-BE4D-CE61540D0F57}.Release|Any CPU.ActiveCfg = Release|Any CPU
		{C2592D6A-35E3-44D4-BE4D-CE61540D0F57}.Release|Any CPU.Build.0 = Release|Any CPU
		{C2592D6A-35E3-44D4-BE4D-CE61540D0F57}.Release|x64.ActiveCfg = Release|Any CPU
		{C2592D6A-35E3-44D4-BE4D-CE61540D0F57}.Release|x64.Build.0 = Release|Any CPU
		{C2592D6A-35E3-44D4-BE4D-CE61540D0F57}.Release|x86.ActiveCfg = Release|Any CPU
		{C2592D6A-35E3-44D4-BE4D-CE61540D0F57}.Release|x86.Build.0 = Release|Any CPU
		{3AD44764-3EBA-42C9-A6D1-9EA036949F93}.Debug|Any CPU.ActiveCfg = Debug|Any CPU
		{3AD44764-3EBA-42C9-A6D1-9EA036949F93}.Debug|Any CPU.Build.0 = Debug|Any CPU
		{3AD44764-3EBA-42C9-A6D1-9EA036949F93}.Debug|x64.ActiveCfg = Debug|Any CPU
		{3AD44764-3EBA-42C9-A6D1-9EA036949F93}.Debug|x64.Build.0 = Debug|Any CPU
		{3AD44764-3EBA-42C9-A6D1-9EA036949F93}.Debug|x86.ActiveCfg = Debug|Any CPU
		{3AD44764-3EBA-42C9-A6D1-9EA036949F93}.Debug|x86.Build.0 = Debug|Any CPU
		{3AD44764-3EBA-42C9-A6D1-9EA036949F93}.Release|Any CPU.ActiveCfg = Release|Any CPU
		{3AD44764-3EBA-42C9-A6D1-9EA036949F93}.Release|Any CPU.Build.0 = Release|Any CPU
		{3AD44764-3EBA-42C9-A6D1-9EA036949F93}.Release|x64.ActiveCfg = Release|Any CPU
		{3AD44764-3EBA-42C9-A6D1-9EA036949F93}.Release|x64.Build.0 = Release|Any CPU
		{3AD44764-3EBA-42C9-A6D1-9EA036949F93}.Release|x86.ActiveCfg = Release|Any CPU
		{3AD44764-3EBA-42C9-A6D1-9EA036949F93}.Release|x86.Build.0 = Release|Any CPU
	EndGlobalSection
EndGlobal
